
Microsoft Visual Studio Solution File, Format Version 12.00
# Visual Studio Version 16
VisualStudioVersion = 16.0.28803.352
MinimumVisualStudioVersion = 10.0.40219.1
Project("{9A19103F-16F7-4668-BE54-9A1E7A4F7556}") = "FirstRazorPage", "FirstRazorPage\FirstRazorPage.csproj", "{B2AC1D58-B945-404D-B6B3-CA96C7AF0AA9}"
EndProject
Global
	GlobalSection(SolutionConfigurationPlatforms) = preSolution
		Debug|Any CPU = Debug|Any CPU
		Release|Any CPU = Release|Any CPU
	EndGlobalSection
	GlobalSection(ProjectConfigurationPlatforms) = postSolution
		{B2AC1D58-B945-404D-B6B3-CA96C7AF0AA9}.Debug|Any CPU.ActiveCfg = Debug|Any CPU
		{B2AC1D58-B945-404D-B6B3-CA96C7AF0AA9}.Debug|Any CPU.Build.0 = Debug|Any CPU
		{B2AC1D58-B945-404D-B6B3-CA96C7AF0AA9}.Release|Any CPU.ActiveCfg = Release|Any CPU
		{B2AC1D58-B945-404D-B6B3-CA96C7AF0AA9}.Release|Any CPU.Build.0 = Release|Any CPU
	EndGlobalSection
	GlobalSection(SolutionProperties) = preSolution
		HideSolutionNode = FALSE
	EndGlobalSection
	GlobalSection(ExtensibilityGlobals) = postSolution
		SolutionGuid = {6C5C2A89-5BAC-45C5-A2CC-DC5D9FA21EAB}
	EndGlobalSection
EndGlobal
